
Microsoft Visual Studio Solution File, Format Version 12.00
# Visual Studio Version 16
VisualStudioVersion = 16.0.29728.190
MinimumVisualStudioVersion = 10.0.40219.1
Project("{FAE04EC0-301F-11D3-BF4B-00C04F79EFBC}") = "Monies", "Monies\Monies.csproj", "{1B8207CB-371E-4AC2-9F17-E59EC1496F13}"
EndProject
Project("{FAE04EC0-301F-11D3-BF4B-00C04F79EFBC}") = "Monies.Tests", "Monies.Tests\Monies.Tests.csproj", "{903DCDC0-3DCD-473F-B4B3-6EDD10FD72FD}"
EndProject
Global
	GlobalSection(SolutionConfigurationPlatforms) = preSolution
		Debug|Any CPU = Debug|Any CPU
		Release|Any CPU = Release|Any CPU
	EndGlobalSection
	GlobalSection(ProjectConfigurationPlatforms) = postSolution
		{1B8207CB-371E-4AC2-9F17-E59EC1496F13}.Debug|Any CPU.ActiveCfg = Debug|Any CPU
		{1B8207CB-371E-4AC2-9F17-E59EC1496F13}.Debug|Any CPU.Build.0 = Debug|Any CPU
		{1B8207CB-371E-4AC2-9F17-E59EC1496F13}.Release|Any CPU.ActiveCfg = Release|Any CPU
		{1B8207CB-371E-4AC2-9F17-E59EC1496F13}.Release|Any CPU.Build.0 = Release|Any CPU
		{903DCDC0-3DCD-473F-B4B3-6EDD10FD72FD}.Debug|Any CPU.ActiveCfg = Debug|Any CPU
		{903DCDC0-3DCD-473F-B4B3-6EDD10FD72FD}.Debug|Any CPU.Build.0 = Debug|Any CPU
		{903DCDC0-3DCD-473F-B4B3-6EDD10FD72FD}.Release|Any CPU.ActiveCfg = Release|Any CPU
		{903DCDC0-3DCD-473F-B4B3-6EDD10FD72FD}.Release|Any CPU.Build.0 = Release|Any CPU
	EndGlobalSection
	GlobalSection(SolutionProperties) = preSolution
		HideSolutionNode = FALSE
	EndGlobalSection
	GlobalSection(ExtensibilityGlobals) = postSolution
		SolutionGuid = {03D9C1FB-1889-43C8-9174-74598BE4DA59}
	EndGlobalSection
EndGlobal
